
Microsoft Visual Studio Solution File, Format Version 12.00
# Visual Studio Version 17
VisualStudioVersion = 17.11.35303.130
MinimumVisualStudioVersion = 10.0.40219.1
Project("{FAE04EC0-301F-11D3-BF4B-00C04F79EFBC}") = "telegramaPractica", "telegramaPractica\telegramaPractica.csproj", "{7FDE26A9-24D6-4A1F-91B5-3571F5BEFAC0}"
EndProject
Global
	GlobalSection(SolutionConfigurationPlatforms) = preSolution
		Debug|Any CPU = Debug|Any CPU
		Release|Any CPU = Release|Any CPU
	EndGlobalSection
	GlobalSection(ProjectConfigurationPlatforms) = postSolution
		{7FDE26A9-24D6-4A1F-91B5-3571F5BEFAC0}.Debug|Any CPU.ActiveCfg = Debug|Any CPU
		{7FDE26A9-24D6-4A1F-91B5-3571F5BEFAC0}.Debug|Any CPU.Build.0 = Debug|Any CPU
		{7FDE26A9-24D6-4A1F-91B5-3571F5BEFAC0}.Release|Any CPU.ActiveCfg = Release|Any CPU
		{7FDE26A9-24D6-4A1F-91B5-3571F5BEFAC0}.Release|Any CPU.Build.0 = Release|Any CPU
	EndGlobalSection
	GlobalSection(SolutionProperties) = preSolution
		HideSolutionNode = FALSE
	EndGlobalSection
	GlobalSection(ExtensibilityGlobals) = postSolution
		SolutionGuid = {8407BE21-8290-404F-87C4-45E7CAB324E0}
	EndGlobalSection
EndGlobal
